
Microsoft Visual Studio Solution File, Format Version 12.00
# Visual Studio Version 17
VisualStudioVersion = 17.4.33110.190
MinimumVisualStudioVersion = 10.0.40219.1
Project("{9A19103F-16F7-4668-BE54-9A1E7A4F7556}") = "MoodAnalyzerProblem", "MoodAnalyzerProblem.csproj", "{840B9D39-2EA3-490A-A382-E202AF0F01F0}"
EndProject
Project("{FAE04EC0-301F-11D3-BF4B-00C04F79EFBC}") = "MoodAnalyzerTest", "..\MoodAnalyzerTest\MoodAnalyzerTest.csproj", "{D821E3FF-CD0B-4A5B-AC91-A0F39E56C84F}"
EndProject
Global
	GlobalSection(SolutionConfigurationPlatforms) = preSolution
		Debug|Any CPU = Debug|Any CPU
		Release|Any CPU = Release|Any CPU
	EndGlobalSection
	GlobalSection(ProjectConfigurationPlatforms) = postSolution
		{840B9D39-2EA3-490A-A382-E202AF0F01F0}.Debug|Any CPU.ActiveCfg = Debug|Any CPU
		{840B9D39-2EA3-490A-A382-E202AF0F01F0}.Debug|Any CPU.Build.0 = Debug|Any CPU
		{840B9D39-2EA3-490A-A382-E202AF0F01F0}.Release|Any CPU.ActiveCfg = Release|Any CPU
		{840B9D39-2EA3-490A-A382-E202AF0F01F0}.Release|Any CPU.Build.0 = Release|Any CPU
		{D821E3FF-CD0B-4A5B-AC91-A0F39E56C84F}.Debug|Any CPU.ActiveCfg = Debug|Any CPU
		{D821E3FF-CD0B-4A5B-AC91-A0F39E56C84F}.Debug|Any CPU.Build.0 = Debug|Any CPU
		{D821E3FF-CD0B-4A5B-AC91-A0F39E56C84F}.Release|Any CPU.ActiveCfg = Release|Any CPU
		{D821E3FF-CD0B-4A5B-AC91-A0F39E56C84F}.Release|Any CPU.Build.0 = Release|Any CPU
	EndGlobalSection
	GlobalSection(SolutionProperties) = preSolution
		HideSolutionNode = FALSE
	EndGlobalSection
	GlobalSection(ExtensibilityGlobals) = postSolution
		SolutionGuid = {932EAD3A-F2D2-4BD2-A9CC-8D550E84A332}
	EndGlobalSection
EndGlobal
